{
  "version": 4,
  "terraform_version": "1.9.8",
  "serial": 90,
  "lineage": "24a9ff9e-e4fe-2125-a7b2-d35b499b8f07",
  "outputs": {
    "cloudfront_url": {
      "value": "d31mh2drgi6vnh.cloudfront.net",
      "type": "string"
    }
  },
  "resources": [
    {
      "mode": "data",
      "type": "aws_ami",
      "name": "amazon_linux_2",
      "provider": "provider[\"registry.terraform.io/hashicorp/aws\"]",
      "instances": [
        {
          "schema_version": 0,
          "attributes": {
            "architecture": "x86_64",
            "arn": "arn:aws:ec2:us-east-1::image/ami-0db014aa99d969f2f",
            "block_device_mappings": [
              {
                "device_name": "/dev/xvda",
                "ebs": {
                  "delete_on_termination": "true",
                  "encrypted": "false",
                  "iops": "0",
                  "snapshot_id": "snap-0eb8e1f984c3d6268",
                  "throughput": "0",
                  "volume_size": "8",
                  "volume_type": "gp2"
                },
                "no_device": "",
                "virtual_name": ""
              }
            ],
            "boot_mode": "",
            "creation_date": "2024-10-31T00:23:15.000Z",
            "deprecation_time": "2025-07-01T00:00:00.000Z",
            "description": "Amazon Linux 2 AMI 2.0.20241031.0 x86_64 HVM gp2",
            "ena_support": true,
            "executable_users": null,
            "filter": [
              {
                "name": "name",
                "values": [
                  "amzn2-ami-hvm-*-x86_64-gp2"
                ]
              },
              {
                "name": "owner-id",
                "values": [
                  "137112412989"
                ]
              }
            ],
            "hypervisor": "xen",
            "id": "ami-0db014aa99d969f2f",
            "image_id": "ami-0db014aa99d969f2f",
            "image_location": "amazon/amzn2-ami-hvm-2.0.20241031.0-x86_64-gp2",
            "image_owner_alias": "amazon",
            "image_type": "machine",
            "imds_support": "",
            "include_deprecated": false,
            "kernel_id": "",
            "most_recent": true,
            "name": "amzn2-ami-hvm-2.0.20241031.0-x86_64-gp2",
            "name_regex": null,
            "owner_id": "137112412989",
            "owners": null,
            "platform": "",
            "platform_details": "Linux/UNIX",
            "product_codes": [],
            "public": true,
            "ramdisk_id": "",
            "root_device_name": "/dev/xvda",
            "root_device_type": "ebs",
            "root_snapshot_id": "snap-0eb8e1f984c3d6268",
            "sriov_net_support": "simple",
            "state": "available",
            "state_reason": {
              "code": "UNSET",
              "message": "UNSET"
            },
            "tags": {},
            "timeouts": null,
            "tpm_support": "",
            "usage_operation": "RunInstances",
            "virtualization_type": "hvm"
          },
          "sensitive_attributes": []
        }
      ]
    },
    {
      "mode": "managed",
      "type": "aws_cloudfront_distribution",
      "name": "cdn",
      "provider": "provider[\"registry.terraform.io/hashicorp/aws\"]",
      "instances": [
        {
          "schema_version": 1,
          "attributes": {
            "aliases": [],
            "arn": "arn:aws:cloudfront::484121837786:distribution/E2YXH44M2KGP7Y",
            "caller_reference": "terraform-20241103230131810100000001",
            "comment": null,
            "continuous_deployment_policy_id": "",
            "custom_error_response": [],
            "default_cache_behavior": [
              {
                "allowed_methods": [
                  "GET",
                  "HEAD"
                ],
                "cache_policy_id": "",
                "cached_methods": [
                  "GET",
                  "HEAD"
                ],
                "compress": false,
                "default_ttl": 0,
                "field_level_encryption_id": "",
                "forwarded_values": [
                  {
                    "cookies": [
                      {
                        "forward": "none",
                        "whitelisted_names": []
                      }
                    ],
                    "headers": [],
                    "query_string": false,
                    "query_string_cache_keys": []
                  }
                ],
                "function_association": [],
                "lambda_function_association": [],
                "max_ttl": 0,
                "min_ttl": 0,
                "origin_request_policy_id": "",
                "realtime_log_config_arn": "",
                "response_headers_policy_id": "",
                "smooth_streaming": false,
                "target_origin_id": "S3-static-site-origin",
                "trusted_key_groups": [],
                "trusted_signers": [],
                "viewer_protocol_policy": "redirect-to-https"
              }
            ],
            "default_root_object": "index.html",
            "domain_name": "d31mh2drgi6vnh.cloudfront.net",
            "enabled": true,
            "etag": "ECP5KCVDR0TXJ",
            "hosted_zone_id": "Z2FDTNDATAQYW2",
            "http_version": "http2",
            "id": "E2YXH44M2KGP7Y",
            "in_progress_validation_batches": 0,
            "is_ipv6_enabled": false,
            "last_modified_time": "2024-11-03 23:01:34.91 +0000 UTC",
            "logging_config": [],
            "ordered_cache_behavior": [],
            "origin": [
              {
                "connection_attempts": 3,
                "connection_timeout": 10,
                "custom_header": [],
                "custom_origin_config": [
                  {
                    "http_port": 80,
                    "https_port": 443,
                    "origin_keepalive_timeout": 5,
                    "origin_protocol_policy": "http-only",
                    "origin_read_timeout": 30,
                    "origin_ssl_protocols": [
                      "TLSv1.2"
                    ]
                  }
                ],
                "domain_name": "bucket-s3-static-website-obligatorio.s3.us-east-1.amazonaws.com",
                "origin_access_control_id": "",
                "origin_id": "S3-static-site-origin",
                "origin_path": "",
                "origin_shield": [],
                "s3_origin_config": []
              }
            ],
            "origin_group": [],
            "price_class": "PriceClass_All",
            "restrictions": [
              {
                "geo_restriction": [
                  {
                    "locations": [],
                    "restriction_type": "none"
                  }
                ]
              }
            ],
            "retain_on_delete": false,
            "staging": false,
            "status": "Deployed",
            "tags": {},
            "tags_all": {},
            "trusted_key_groups": [
              {
                "enabled": false,
                "items": []
              }
            ],
            "trusted_signers": [
              {
                "enabled": false,
                "items": []
              }
            ],
            "viewer_certificate": [
              {
                "acm_certificate_arn": "",
                "cloudfront_default_certificate": true,
                "iam_certificate_id": "",
                "minimum_protocol_version": "TLSv1",
                "ssl_support_method": ""
              }
            ],
            "wait_for_deployment": true,
            "web_acl_id": ""
          },
          "sensitive_attributes": [],
          "private": "eyJzY2hlbWFfdmVyc2lvbiI6IjEifQ==",
          "dependencies": [
            "module.s3_static_site.aws_s3_bucket.static_site"
          ]
        }
      ]
    },
    {
      "module": "module.bank_transaction_processing",
      "mode": "managed",
      "type": "aws_iam_role",
      "name": "lambda_role",
      "provider": "provider[\"registry.terraform.io/hashicorp/aws\"]",
      "instances": [
        {
          "schema_version": 0,
          "attributes": {
            "arn": "arn:aws:iam::484121837786:role/lambda_s3_processor_role",
            "assume_role_policy": "{\"Statement\":[{\"Action\":\"sts:AssumeRole\",\"Effect\":\"Allow\",\"Principal\":{\"Service\":\"lambda.amazonaws.com\"}}],\"Version\":\"2012-10-17\"}",
            "create_date": "2024-11-07T18:21:59Z",
            "description": "",
            "force_detach_policies": false,
            "id": "lambda_s3_processor_role",
            "inline_policy": [],
            "managed_policy_arns": [
              "arn:aws:iam::aws:policy/service-role/AWSLambdaBasicExecutionRole"
            ],
            "max_session_duration": 3600,
            "name": "lambda_s3_processor_role",
            "name_prefix": "",
            "path": "/",
            "permissions_boundary": "",
            "tags": {},
            "tags_all": {},
            "unique_id": "AROAXBN7JADNFER2QOERK"
          },
          "sensitive_attributes": [],
          "private": "bnVsbA=="
        }
      ]
    },
    {
      "module": "module.bank_transaction_processing",
      "mode": "managed",
      "type": "aws_iam_role_policy_attachment",
      "name": "lambda_policy_attachment",
      "provider": "provider[\"registry.terraform.io/hashicorp/aws\"]",
      "instances": [
        {
          "schema_version": 0,
          "attributes": {
            "id": "lambda_s3_processor_role-20241107182159699600000001",
            "policy_arn": "arn:aws:iam::aws:policy/service-role/AWSLambdaBasicExecutionRole",
            "role": "lambda_s3_processor_role"
          },
          "sensitive_attributes": [],
          "private": "bnVsbA==",
          "dependencies": [
            "module.bank_transaction_processing.aws_iam_role.lambda_role"
          ]
        }
      ]
    },
    {
      "module": "module.bank_transaction_processing",
      "mode": "managed",
      "type": "aws_lambda_function",
      "name": "transaction_processor",
      "provider": "provider[\"registry.terraform.io/hashicorp/aws\"]",
      "instances": [
        {
          "schema_version": 0,
          "attributes": {
            "architectures": [
              "x86_64"
            ],
            "arn": "arn:aws:lambda:us-east-1:484121837786:function:TransactionProcessorFunction",
            "code_signing_config_arn": "",
            "dead_letter_config": [],
            "description": "",
            "environment": [],
            "ephemeral_storage": [
              {
                "size": 512
              }
            ],
            "file_system_config": [],
            "filename": "./modules/bank_transaction_processing/function.zip",
            "function_name": "TransactionProcessorFunction",
            "handler": "index.handler",
            "id": "TransactionProcessorFunction",
            "image_config": [],
            "image_uri": "",
            "invoke_arn": "arn:aws:apigateway:us-east-1:lambda:path/2015-03-31/functions/arn:aws:lambda:us-east-1:484121837786:function:TransactionProcessorFunction/invocations",
            "kms_key_arn": "",
            "last_modified": "2024-11-07T19:09:55.000+0000",
            "layers": [],
            "memory_size": 128,
            "package_type": "Zip",
            "publish": false,
            "qualified_arn": "arn:aws:lambda:us-east-1:484121837786:function:TransactionProcessorFunction:$LATEST",
            "qualified_invoke_arn": "arn:aws:apigateway:us-east-1:lambda:path/2015-03-31/functions/arn:aws:lambda:us-east-1:484121837786:function:TransactionProcessorFunction:$LATEST/invocations",
            "replace_security_groups_on_destroy": null,
            "replacement_security_group_ids": null,
            "reserved_concurrent_executions": -1,
            "role": "arn:aws:iam::484121837786:role/lambda_s3_processor_role",
            "runtime": "nodejs16.x",
            "s3_bucket": null,
            "s3_key": null,
            "s3_object_version": null,
            "signing_job_arn": "",
            "signing_profile_version_arn": "",
            "skip_destroy": false,
            "snap_start": [],
            "source_code_hash": "pZRL0frT9+Bouc6XB1KGFLue0Shys5dzJYYqGvuI7n4=",
            "source_code_size": 1151,
            "tags": {},
            "tags_all": {},
            "timeout": 3,
            "timeouts": null,
            "tracing_config": [
              {
                "mode": "PassThrough"
              }
            ],
            "version": "$LATEST",
            "vpc_config": []
          },
          "sensitive_attributes": [],
          "private": "eyJlMmJmYjczMC1lY2FhLTExZTYtOGY4OC0zNDM2M2JjN2M0YzAiOnsiY3JlYXRlIjo2MDAwMDAwMDAwMDAsImRlbGV0ZSI6NjAwMDAwMDAwMDAwLCJ1cGRhdGUiOjYwMDAwMDAwMDAwMH19",
          "dependencies": [
            "module.bank_transaction_processing.aws_iam_role.lambda_role"
          ]
        }
      ]
    },
    {
      "module": "module.bank_transaction_processing",
      "mode": "managed",
      "type": "aws_lambda_permission",
      "name": "s3_trigger_permission",
      "provider": "provider[\"registry.terraform.io/hashicorp/aws\"]",
      "instances": [
        {
          "schema_version": 0,
          "attributes": {
            "action": "lambda:InvokeFunction",
            "event_source_token": null,
            "function_name": "TransactionProcessorFunction",
            "function_url_auth_type": null,
            "id": "AllowS3InvokeLambda",
            "principal": "s3.amazonaws.com",
            "principal_org_id": null,
            "qualifier": "",
            "source_account": null,
            "source_arn": "arn:aws:s3:::bank-transaction-uploads",
            "statement_id": "AllowS3InvokeLambda",
            "statement_id_prefix": ""
          },
          "sensitive_attributes": [],
          "private": "bnVsbA==",
          "dependencies": [
            "module.bank_transaction_processing.aws_iam_role.lambda_role",
            "module.bank_transaction_processing.aws_lambda_function.transaction_processor",
            "module.bank_transaction_processing.aws_s3_bucket.transaction_bucket"
          ]
        }
      ]
    },
    {
      "module": "module.bank_transaction_processing",
      "mode": "managed",
      "type": "aws_s3_bucket",
      "name": "transaction_bucket",
      "provider": "provider[\"registry.terraform.io/hashicorp/aws\"]",
      "instances": [
        {
          "schema_version": 0,
          "attributes": {
            "acceleration_status": "",
            "acl": null,
            "arn": "arn:aws:s3:::bank-transaction-uploads",
            "bucket": "bank-transaction-uploads",
            "bucket_domain_name": "bank-transaction-uploads.s3.amazonaws.com",
            "bucket_prefix": "",
            "bucket_regional_domain_name": "bank-transaction-uploads.s3.us-east-1.amazonaws.com",
            "cors_rule": [],
            "force_destroy": false,
            "grant": [
              {
                "id": "37eeb26caaa5daa657d99a63465997fcb3cd02490c2aa1088447d98f5781f0fa",
                "permissions": [
                  "FULL_CONTROL"
                ],
                "type": "CanonicalUser",
                "uri": ""
              }
            ],
            "hosted_zone_id": "Z3AQBSTGFYJSTF",
            "id": "bank-transaction-uploads",
            "lifecycle_rule": [],
            "logging": [],
            "object_lock_configuration": [],
            "object_lock_enabled": false,
            "policy": "{\"Statement\":[{\"Action\":\"s3:PutObject\",\"Effect\":\"Allow\",\"Principal\":{\"AWS\":\"arn:aws:iam::484121837786:user/SantiagoTerraform\"},\"Resource\":\"arn:aws:s3:::bank-transaction-uploads/*\"}],\"Version\":\"2012-10-17\"}",
            "region": "us-east-1",
            "replication_configuration": [],
            "request_payer": "BucketOwner",
            "server_side_encryption_configuration": [
              {
                "rule": [
                  {
                    "apply_server_side_encryption_by_default": [
                      {
                        "kms_master_key_id": "",
                        "sse_algorithm": "AES256"
                      }
                    ],
                    "bucket_key_enabled": false
                  }
                ]
              }
            ],
            "tags": {},
            "tags_all": {},
            "timeouts": null,
            "versioning": [
              {
                "enabled": false,
                "mfa_delete": false
              }
            ],
            "website": [],
            "website_domain": null,
            "website_endpoint": null
          },
          "sensitive_attributes": [],
          "private": "eyJlMmJmYjczMC1lY2FhLTExZTYtOGY4OC0zNDM2M2JjN2M0YzAiOnsiY3JlYXRlIjoxMjAwMDAwMDAwMDAwLCJkZWxldGUiOjM2MDAwMDAwMDAwMDAsInJlYWQiOjEyMDAwMDAwMDAwMDAsInVwZGF0ZSI6MTIwMDAwMDAwMDAwMH19"
        }
      ]
    },
    {
      "module": "module.bank_transaction_processing",
      "mode": "managed",
      "type": "aws_s3_bucket_notification",
      "name": "bucket_notification",
      "provider": "provider[\"registry.terraform.io/hashicorp/aws\"]",
      "instances": [
        {
          "schema_version": 0,
          "attributes": {
            "bucket": "bank-transaction-uploads",
            "eventbridge": false,
            "id": "bank-transaction-uploads",
            "lambda_function": [
              {
                "events": [
                  "s3:ObjectCreated:*"
                ],
                "filter_prefix": "",
                "filter_suffix": "",
                "id": "tf-s3-lambda-20241107183816712000000001",
                "lambda_function_arn": "arn:aws:lambda:us-east-1:484121837786:function:TransactionProcessorFunction"
              }
            ],
            "queue": [],
            "topic": []
          },
          "sensitive_attributes": [],
          "private": "bnVsbA==",
          "dependencies": [
            "module.bank_transaction_processing.aws_iam_role.lambda_role",
            "module.bank_transaction_processing.aws_lambda_function.transaction_processor",
            "module.bank_transaction_processing.aws_lambda_permission.s3_trigger_permission",
            "module.bank_transaction_processing.aws_s3_bucket.transaction_bucket"
          ]
        }
      ]
    },
    {
      "module": "module.bank_transaction_processing",
      "mode": "managed",
      "type": "aws_s3_bucket_policy",
      "name": "bucket_policy",
      "provider": "provider[\"registry.terraform.io/hashicorp/aws\"]",
      "instances": [
        {
          "schema_version": 0,
          "attributes": {
            "bucket": "bank-transaction-uploads",
            "id": "bank-transaction-uploads",
            "policy": "{\"Statement\":[{\"Action\":\"s3:PutObject\",\"Effect\":\"Allow\",\"Principal\":{\"AWS\":\"arn:aws:iam::484121837786:user/SantiagoTerraform\"},\"Resource\":\"arn:aws:s3:::bank-transaction-uploads/*\"}],\"Version\":\"2012-10-17\"}"
          },
          "sensitive_attributes": [],
          "private": "bnVsbA==",
          "dependencies": [
            "module.bank_transaction_processing.aws_s3_bucket.transaction_bucket"
          ]
        }
      ]
    },
    {
      "module": "module.ec2_Instance",
      "mode": "managed",
      "type": "aws_instance",
      "name": "web",
      "provider": "provider[\"registry.terraform.io/hashicorp/aws\"]",
      "instances": [
        {
          "schema_version": 1,
          "attributes": {
            "ami": "ami-0db014aa99d969f2f",
            "arn": "arn:aws:ec2:us-east-1:484121837786:instance/i-0975e7c725d027794",
            "associate_public_ip_address": true,
            "availability_zone": "us-east-1d",
            "capacity_reservation_specification": [
              {
                "capacity_reservation_preference": "open",
                "capacity_reservation_target": []
              }
            ],
            "cpu_core_count": 1,
            "cpu_options": [
              {
                "amd_sev_snp": "",
                "core_count": 1,
                "threads_per_core": 1
              }
            ],
            "cpu_threads_per_core": 1,
            "credit_specification": [
              {
                "cpu_credits": "standard"
              }
            ],
            "disable_api_stop": false,
            "disable_api_termination": false,
            "ebs_block_device": [],
            "ebs_optimized": false,
            "enclave_options": [
              {
                "enabled": false
              }
            ],
            "ephemeral_block_device": [],
            "get_password_data": false,
            "hibernation": false,
            "host_id": "",
            "host_resource_group_arn": null,
            "iam_instance_profile": "",
            "id": "i-0975e7c725d027794",
            "instance_initiated_shutdown_behavior": "stop",
            "instance_lifecycle": "",
            "instance_market_options": [],
            "instance_state": "running",
            "instance_type": "t2.micro",
            "ipv6_address_count": 0,
            "ipv6_addresses": [],
            "key_name": "",
            "launch_template": [],
            "maintenance_options": [
              {
                "auto_recovery": "default"
              }
            ],
            "metadata_options": [
              {
                "http_endpoint": "enabled",
                "http_protocol_ipv6": "disabled",
                "http_put_response_hop_limit": 1,
                "http_tokens": "optional",
                "instance_metadata_tags": "disabled"
              }
            ],
            "monitoring": false,
            "network_interface": [],
            "outpost_arn": "",
            "password_data": "",
            "placement_group": "",
            "placement_partition_number": 0,
            "primary_network_interface_id": "eni-0d983ed6dd1c466a0",
            "private_dns": "ip-172-31-31-63.ec2.internal",
            "private_dns_name_options": [
              {
                "enable_resource_name_dns_a_record": false,
                "enable_resource_name_dns_aaaa_record": false,
                "hostname_type": "ip-name"
              }
            ],
            "private_ip": "172.31.31.63",
            "public_dns": "ec2-54-160-232-157.compute-1.amazonaws.com",
            "public_ip": "54.160.232.157",
            "root_block_device": [
              {
                "delete_on_termination": true,
                "device_name": "/dev/xvda",
                "encrypted": false,
                "iops": 100,
                "kms_key_id": "",
                "tags": {},
                "throughput": 0,
                "volume_id": "vol-0114d2e6372b7b784",
                "volume_size": 8,
                "volume_type": "gp2"
              }
            ],
            "secondary_private_ips": [],
            "security_groups": [
              "default"
            ],
            "source_dest_check": true,
            "spot_instance_request_id": "",
            "subnet_id": "subnet-02d8ca3a84006fa25",
            "tags": {
              "Name": "example-web-instance"
            },
            "tags_all": {
              "Name": "example-web-instance"
            },
            "tenancy": "default",
            "timeouts": null,
            "user_data": null,
            "user_data_base64": null,
            "user_data_replace_on_change": false,
            "volume_tags": null,
            "vpc_security_group_ids": [
              "sg-016074f9769c0b7c0"
            ]
          },
          "sensitive_attributes": [],
          "private": "eyJlMmJmYjczMC1lY2FhLTExZTYtOGY4OC0zNDM2M2JjN2M0YzAiOnsiY3JlYXRlIjo2MDAwMDAwMDAwMDAsImRlbGV0ZSI6MTIwMDAwMDAwMDAwMCwidXBkYXRlIjo2MDAwMDAwMDAwMDB9LCJzY2hlbWFfdmVyc2lvbiI6IjEifQ==",
          "dependencies": [
            "data.aws_ami.amazon_linux_2"
          ]
        }
      ]
    },
    {
      "module": "module.s3_static_site",
      "mode": "managed",
      "type": "aws_s3_bucket",
      "name": "static_site",
      "provider": "provider[\"registry.terraform.io/hashicorp/aws\"]",
      "instances": [
        {
          "schema_version": 0,
          "attributes": {
            "acceleration_status": "",
            "acl": null,
            "arn": "arn:aws:s3:::bucket-s3-static-website-obligatorio",
            "bucket": "bucket-s3-static-website-obligatorio",
            "bucket_domain_name": "bucket-s3-static-website-obligatorio.s3.amazonaws.com",
            "bucket_prefix": "",
            "bucket_regional_domain_name": "bucket-s3-static-website-obligatorio.s3.us-east-1.amazonaws.com",
            "cors_rule": [],
            "force_destroy": false,
            "grant": [
              {
                "id": "37eeb26caaa5daa657d99a63465997fcb3cd02490c2aa1088447d98f5781f0fa",
                "permissions": [
                  "FULL_CONTROL"
                ],
                "type": "CanonicalUser",
                "uri": ""
              }
            ],
            "hosted_zone_id": "Z3AQBSTGFYJSTF",
            "id": "bucket-s3-static-website-obligatorio",
            "lifecycle_rule": [],
            "logging": [],
            "object_lock_configuration": [],
            "object_lock_enabled": false,
            "policy": "{\"Statement\":[{\"Action\":\"s3:GetObject\",\"Effect\":\"Allow\",\"Principal\":\"*\",\"Resource\":\"arn:aws:s3:::bucket-s3-static-website-obligatorio/*\"}],\"Version\":\"2012-10-17\"}",
            "region": "us-east-1",
            "replication_configuration": [],
            "request_payer": "BucketOwner",
            "server_side_encryption_configuration": [
              {
                "rule": [
                  {
                    "apply_server_side_encryption_by_default": [
                      {
                        "kms_master_key_id": "",
                        "sse_algorithm": "AES256"
                      }
                    ],
                    "bucket_key_enabled": false
                  }
                ]
              }
            ],
            "tags": {
              "Environment": "Production",
              "Project": "Static Website"
            },
            "tags_all": {
              "Environment": "Production",
              "Project": "Static Website"
            },
            "timeouts": null,
            "versioning": [
              {
                "enabled": false,
                "mfa_delete": false
              }
            ],
            "website": [
              {
                "error_document": "index.html",
                "index_document": "index.html",
                "redirect_all_requests_to": "",
                "routing_rules": ""
              }
            ],
            "website_domain": "s3-website-us-east-1.amazonaws.com",
            "website_endpoint": "bucket-s3-static-website-obligatorio.s3-website-us-east-1.amazonaws.com"
          },
          "sensitive_attributes": [],
          "private": "eyJlMmJmYjczMC1lY2FhLTExZTYtOGY4OC0zNDM2M2JjN2M0YzAiOnsiY3JlYXRlIjoxMjAwMDAwMDAwMDAwLCJkZWxldGUiOjM2MDAwMDAwMDAwMDAsInJlYWQiOjEyMDAwMDAwMDAwMDAsInVwZGF0ZSI6MTIwMDAwMDAwMDAwMH19"
        }
      ]
    },
    {
      "module": "module.s3_static_site",
      "mode": "managed",
      "type": "aws_s3_bucket_policy",
      "name": "static_site_policy",
      "provider": "provider[\"registry.terraform.io/hashicorp/aws\"]",
      "instances": [
        {
          "schema_version": 0,
          "attributes": {
            "bucket": "bucket-s3-static-website-obligatorio",
            "id": "bucket-s3-static-website-obligatorio",
            "policy": "{\"Statement\":[{\"Action\":\"s3:GetObject\",\"Effect\":\"Allow\",\"Principal\":\"*\",\"Resource\":\"arn:aws:s3:::bucket-s3-static-website-obligatorio/*\"}],\"Version\":\"2012-10-17\"}"
          },
          "sensitive_attributes": [],
          "private": "bnVsbA==",
          "dependencies": [
            "module.s3_static_site.aws_s3_bucket.static_site"
          ]
        }
      ]
    },
    {
      "module": "module.s3_static_site",
      "mode": "managed",
      "type": "aws_s3_bucket_website_configuration",
      "name": "static_site_website",
      "provider": "provider[\"registry.terraform.io/hashicorp/aws\"]",
      "instances": [
        {
          "schema_version": 0,
          "attributes": {
            "bucket": "bucket-s3-static-website-obligatorio",
            "error_document": [
              {
                "key": "index.html"
              }
            ],
            "expected_bucket_owner": "",
            "id": "bucket-s3-static-website-obligatorio",
            "index_document": [
              {
                "suffix": "index.html"
              }
            ],
            "redirect_all_requests_to": [],
            "routing_rule": [],
            "routing_rules": "",
            "website_domain": "s3-website-us-east-1.amazonaws.com",
            "website_endpoint": "bucket-s3-static-website-obligatorio.s3-website-us-east-1.amazonaws.com"
          },
          "sensitive_attributes": [],
          "private": "bnVsbA==",
          "dependencies": [
            "module.s3_static_site.aws_s3_bucket.static_site"
          ]
        }
      ]
    },
    {
      "module": "module.s3_storageService",
      "mode": "data",
      "type": "aws_caller_identity",
      "name": "current",
      "provider": "provider[\"registry.terraform.io/hashicorp/aws\"]",
      "instances": [
        {
          "schema_version": 0,
          "attributes": {
            "account_id": "484121837786",
            "arn": "arn:aws:iam::484121837786:user/SantiagoTerraform",
            "id": "484121837786",
            "user_id": "AIDAXBN7JADNEP4O2DFTG"
          },
          "sensitive_attributes": []
        }
      ]
    },
    {
      "module": "module.s3_storageService",
      "mode": "managed",
      "type": "aws_iam_role",
      "name": "replication_role",
      "provider": "provider[\"registry.terraform.io/hashicorp/aws\"]",
      "instances": [
        {
          "schema_version": 0,
          "attributes": {
            "arn": "arn:aws:iam::484121837786:role/s3-replication-role",
            "assume_role_policy": "{\"Statement\":[{\"Action\":\"sts:AssumeRole\",\"Effect\":\"Allow\",\"Principal\":{\"Service\":\"s3.amazonaws.com\"}}],\"Version\":\"2012-10-17\"}",
            "create_date": "2024-11-04T19:28:16Z",
            "description": "",
            "force_detach_policies": false,
            "id": "s3-replication-role",
            "inline_policy": [
              {
                "name": "terraform-20241104192835134200000001",
                "policy": "{\"Version\":\"2012-10-17\",\"Statement\":[{\"Action\":[\"s3:GetObject\",\"s3:ReplicateObject\",\"s3:ReplicateDelete\",\"s3:ReplicateTags\",\"s3:GetObjectVersionTagging\",\"s3:GetObjectVersionForReplication\"],\"Effect\":\"Allow\",\"Resource\":[\"arn:aws:s3:::user-documents-bucket-primary-obligatorio2/*\",\"arn:aws:s3:::user-documents-bucket-secondary-obligatorio2/*\"]},{\"Action\":[\"s3:ListBucket\",\"s3:GetBucketVersioning\",\"s3:PutBucketVersioning\",\"s3:GetReplicationConfiguration\",\"s3:ReplicateObject\"],\"Effect\":\"Allow\",\"Resource\":[\"arn:aws:s3:::user-documents-bucket-primary-obligatorio2\",\"arn:aws:s3:::user-documents-bucket-secondary-obligatorio2\"]}]}"
              }
            ],
            "managed_policy_arns": [],
            "max_session_duration": 3600,
            "name": "s3-replication-role",
            "name_prefix": "",
            "path": "/",
            "permissions_boundary": "",
            "tags": {},
            "tags_all": {},
            "unique_id": "AROAXBN7JADNHNISQNDRH"
          },
          "sensitive_attributes": [],
          "private": "bnVsbA=="
        }
      ]
    },
    {
      "module": "module.s3_storageService",
      "mode": "managed",
      "type": "aws_iam_role_policy",
      "name": "replication_policy",
      "provider": "provider[\"registry.terraform.io/hashicorp/aws\"]",
      "instances": [
        {
          "schema_version": 0,
          "attributes": {
            "id": "s3-replication-role:terraform-20241104192835134200000001",
            "name": "terraform-20241104192835134200000001",
            "name_prefix": "terraform-",
            "policy": "{\"Version\":\"2012-10-17\",\"Statement\":[{\"Action\":[\"s3:GetObject\",\"s3:ReplicateObject\",\"s3:ReplicateDelete\",\"s3:ReplicateTags\",\"s3:GetObjectVersionTagging\",\"s3:GetObjectVersionForReplication\"],\"Effect\":\"Allow\",\"Resource\":[\"arn:aws:s3:::user-documents-bucket-primary-obligatorio2/*\",\"arn:aws:s3:::user-documents-bucket-secondary-obligatorio2/*\"]},{\"Action\":[\"s3:ListBucket\",\"s3:GetBucketVersioning\",\"s3:PutBucketVersioning\",\"s3:GetReplicationConfiguration\",\"s3:ReplicateObject\"],\"Effect\":\"Allow\",\"Resource\":[\"arn:aws:s3:::user-documents-bucket-primary-obligatorio2\",\"arn:aws:s3:::user-documents-bucket-secondary-obligatorio2\"]}]}",
            "role": "s3-replication-role"
          },
          "sensitive_attributes": [],
          "private": "bnVsbA==",
          "dependencies": [
            "module.s3_storageService.aws_iam_role.replication_role",
            "module.s3_storageService.aws_s3_bucket.user_files",
            "module.s3_storageService.aws_s3_bucket.user_files_secondary"
          ]
        }
      ]
    },
    {
      "module": "module.s3_storageService",
      "mode": "managed",
      "type": "aws_s3_bucket",
      "name": "user_files",
      "provider": "provider[\"registry.terraform.io/hashicorp/aws\"]",
      "instances": [
        {
          "schema_version": 0,
          "attributes": {
            "acceleration_status": "",
            "acl": null,
            "arn": "arn:aws:s3:::user-documents-bucket-primary-obligatorio2",
            "bucket": "user-documents-bucket-primary-obligatorio2",
            "bucket_domain_name": "user-documents-bucket-primary-obligatorio2.s3.amazonaws.com",
            "bucket_prefix": "",
            "bucket_regional_domain_name": "user-documents-bucket-primary-obligatorio2.s3.us-east-1.amazonaws.com",
            "cors_rule": [],
            "force_destroy": false,
            "grant": [
              {
                "id": "37eeb26caaa5daa657d99a63465997fcb3cd02490c2aa1088447d98f5781f0fa",
                "permissions": [
                  "FULL_CONTROL"
                ],
                "type": "CanonicalUser",
                "uri": ""
              }
            ],
            "hosted_zone_id": "Z3AQBSTGFYJSTF",
            "id": "user-documents-bucket-primary-obligatorio2",
            "lifecycle_rule": [],
            "logging": [],
            "object_lock_configuration": [],
            "object_lock_enabled": false,
            "policy": "",
            "region": "us-east-1",
            "replication_configuration": [
              {
                "role": "arn:aws:iam::484121837786:role/s3-replication-role",
                "rules": [
                  {
                    "delete_marker_replication_status": "",
                    "destination": [
                      {
                        "access_control_translation": [],
                        "account_id": "",
                        "bucket": "arn:aws:s3:::user-documents-bucket-secondary-obligatorio2",
                        "metrics": [],
                        "replica_kms_key_id": "",
                        "replication_time": [],
                        "storage_class": "STANDARD"
                      }
                    ],
                    "filter": [],
                    "id": "Replicate-to-secondary-region",
                    "prefix": "",
                    "priority": 0,
                    "source_selection_criteria": [],
                    "status": "Enabled"
                  }
                ]
              }
            ],
            "request_payer": "BucketOwner",
            "server_side_encryption_configuration": [
              {
                "rule": [
                  {
                    "apply_server_side_encryption_by_default": [
                      {
                        "kms_master_key_id": "",
                        "sse_algorithm": "AES256"
                      }
                    ],
                    "bucket_key_enabled": false
                  }
                ]
              }
            ],
            "tags": {},
            "tags_all": {},
            "timeouts": null,
            "versioning": [
              {
                "enabled": true,
                "mfa_delete": false
              }
            ],
            "website": [],
            "website_domain": null,
            "website_endpoint": null
          },
          "sensitive_attributes": [],
          "private": "eyJlMmJmYjczMC1lY2FhLTExZTYtOGY4OC0zNDM2M2JjN2M0YzAiOnsiY3JlYXRlIjoxMjAwMDAwMDAwMDAwLCJkZWxldGUiOjM2MDAwMDAwMDAwMDAsInJlYWQiOjEyMDAwMDAwMDAwMDAsInVwZGF0ZSI6MTIwMDAwMDAwMDAwMH19"
        }
      ]
    },
    {
      "module": "module.s3_storageService",
      "mode": "managed",
      "type": "aws_s3_bucket",
      "name": "user_files_secondary",
      "provider": "module.s3_storageService.provider[\"registry.terraform.io/hashicorp/aws\"].secondary",
      "instances": [
        {
          "schema_version": 0,
          "attributes": {
            "acceleration_status": "",
            "acl": null,
            "arn": "arn:aws:s3:::user-documents-bucket-secondary-obligatorio2",
            "bucket": "user-documents-bucket-secondary-obligatorio2",
            "bucket_domain_name": "user-documents-bucket-secondary-obligatorio2.s3.amazonaws.com",
            "bucket_prefix": "",
            "bucket_regional_domain_name": "user-documents-bucket-secondary-obligatorio2.s3.us-west-1.amazonaws.com",
            "cors_rule": [],
            "force_destroy": false,
            "grant": [
              {
                "id": "37eeb26caaa5daa657d99a63465997fcb3cd02490c2aa1088447d98f5781f0fa",
                "permissions": [
                  "FULL_CONTROL"
                ],
                "type": "CanonicalUser",
                "uri": ""
              }
            ],
            "hosted_zone_id": "Z2F56UZL2M1ACD",
            "id": "user-documents-bucket-secondary-obligatorio2",
            "lifecycle_rule": [],
            "logging": [],
            "object_lock_configuration": [],
            "object_lock_enabled": false,
            "policy": "{\"Statement\":[{\"Action\":[\"s3:ReplicateObject\",\"s3:ReplicateDelete\",\"s3:ReplicateTags\",\"s3:GetObjectVersionForReplication\",\"s3:ObjectOwnerOverrideToBucketOwner\"],\"Effect\":\"Allow\",\"Principal\":{\"AWS\":\"arn:aws:iam::484121837786:role/s3-replication-role\"},\"Resource\":\"arn:aws:s3:::user-documents-bucket-secondary-obligatorio2/*\"}],\"Version\":\"2012-10-17\"}",
            "region": "us-west-1",
            "replication_configuration": [],
            "request_payer": "BucketOwner",
            "server_side_encryption_configuration": [
              {
                "rule": [
                  {
                    "apply_server_side_encryption_by_default": [
                      {
                        "kms_master_key_id": "",
                        "sse_algorithm": "AES256"
                      }
                    ],
                    "bucket_key_enabled": false
                  }
                ]
              }
            ],
            "tags": {},
            "tags_all": {},
            "timeouts": null,
            "versioning": [
              {
                "enabled": true,
                "mfa_delete": false
              }
            ],
            "website": [],
            "website_domain": null,
            "website_endpoint": null
          },
          "sensitive_attributes": [],
          "private": "eyJlMmJmYjczMC1lY2FhLTExZTYtOGY4OC0zNDM2M2JjN2M0YzAiOnsiY3JlYXRlIjoxMjAwMDAwMDAwMDAwLCJkZWxldGUiOjM2MDAwMDAwMDAwMDAsInJlYWQiOjEyMDAwMDAwMDAwMDAsInVwZGF0ZSI6MTIwMDAwMDAwMDAwMH19"
        }
      ]
    },
    {
      "module": "module.s3_storageService",
      "mode": "managed",
      "type": "aws_s3_bucket_policy",
      "name": "secondary_bucket_policy",
      "provider": "module.s3_storageService.provider[\"registry.terraform.io/hashicorp/aws\"].secondary",
      "instances": [
        {
          "schema_version": 0,
          "attributes": {
            "bucket": "user-documents-bucket-secondary-obligatorio2",
            "id": "user-documents-bucket-secondary-obligatorio2",
            "policy": "{\"Statement\":[{\"Action\":[\"s3:ReplicateObject\",\"s3:ReplicateDelete\",\"s3:ReplicateTags\",\"s3:GetObjectVersionForReplication\",\"s3:ObjectOwnerOverrideToBucketOwner\"],\"Effect\":\"Allow\",\"Principal\":{\"AWS\":\"arn:aws:iam::484121837786:role/s3-replication-role\"},\"Resource\":\"arn:aws:s3:::user-documents-bucket-secondary-obligatorio2/*\"}],\"Version\":\"2012-10-17\"}"
          },
          "sensitive_attributes": [],
          "private": "bnVsbA==",
          "dependencies": [
            "module.s3_storageService.aws_s3_bucket.user_files_secondary",
            "module.s3_storageService.data.aws_caller_identity.current"
          ]
        }
      ]
    },
    {
      "module": "module.s3_storageService",
      "mode": "managed",
      "type": "aws_s3_bucket_replication_configuration",
      "name": "primary_replication",
      "provider": "provider[\"registry.terraform.io/hashicorp/aws\"]",
      "instances": [
        {
          "schema_version": 0,
          "attributes": {
            "bucket": "user-documents-bucket-primary-obligatorio2",
            "id": "user-documents-bucket-primary-obligatorio2",
            "role": "arn:aws:iam::484121837786:role/s3-replication-role",
            "rule": [
              {
                "delete_marker_replication": [],
                "destination": [
                  {
                    "access_control_translation": [],
                    "account": "",
                    "bucket": "arn:aws:s3:::user-documents-bucket-secondary-obligatorio2",
                    "encryption_configuration": [],
                    "metrics": [],
                    "replication_time": [],
                    "storage_class": "STANDARD"
                  }
                ],
                "existing_object_replication": [],
                "filter": [],
                "id": "Replicate-to-secondary-region",
                "prefix": "",
                "priority": 0,
                "source_selection_criteria": [],
                "status": "Enabled"
              }
            ],
            "token": null
          },
          "sensitive_attributes": [
            [
              {
                "type": "get_attr",
                "value": "token"
              }
            ]
          ],
          "private": "bnVsbA==",
          "dependencies": [
            "module.s3_storageService.aws_iam_role.replication_role",
            "module.s3_storageService.aws_s3_bucket.user_files",
            "module.s3_storageService.aws_s3_bucket.user_files_secondary"
          ]
        }
      ]
    },
    {
      "module": "module.s3_storageService",
      "mode": "managed",
      "type": "aws_s3_bucket_versioning",
      "name": "primary_versioning",
      "provider": "provider[\"registry.terraform.io/hashicorp/aws\"]",
      "instances": [
        {
          "schema_version": 0,
          "attributes": {
            "bucket": "user-documents-bucket-primary-obligatorio2",
            "expected_bucket_owner": "",
            "id": "user-documents-bucket-primary-obligatorio2",
            "mfa": null,
            "versioning_configuration": [
              {
                "mfa_delete": "",
                "status": "Enabled"
              }
            ]
          },
          "sensitive_attributes": [],
          "private": "bnVsbA==",
          "dependencies": [
            "module.s3_storageService.aws_s3_bucket.user_files"
          ]
        }
      ]
    },
    {
      "module": "module.s3_storageService",
      "mode": "managed",
      "type": "aws_s3_bucket_versioning",
      "name": "secondary_versioning",
      "provider": "module.s3_storageService.provider[\"registry.terraform.io/hashicorp/aws\"].secondary",
      "instances": [
        {
          "schema_version": 0,
          "attributes": {
            "bucket": "user-documents-bucket-secondary-obligatorio2",
            "expected_bucket_owner": "",
            "id": "user-documents-bucket-secondary-obligatorio2",
            "mfa": null,
            "versioning_configuration": [
              {
                "mfa_delete": "",
                "status": "Enabled"
              }
            ]
          },
          "sensitive_attributes": [],
          "private": "bnVsbA==",
          "dependencies": [
            "module.s3_storageService.aws_s3_bucket.user_files_secondary"
          ]
        }
      ]
    },
    {
      "module": "module.sns_sqs",
      "mode": "managed",
      "type": "aws_sns_topic",
      "name": "notifications",
      "provider": "provider[\"registry.terraform.io/hashicorp/aws\"]",
      "instances": [
        {
          "schema_version": 0,
          "attributes": {
            "application_failure_feedback_role_arn": "",
            "application_success_feedback_role_arn": "",
            "application_success_feedback_sample_rate": 0,
            "archive_policy": "",
            "arn": "arn:aws:sns:us-east-1:484121837786:example-topic",
            "beginning_archive_time": "",
            "content_based_deduplication": false,
            "delivery_policy": "",
            "display_name": "",
            "fifo_topic": false,
            "firehose_failure_feedback_role_arn": "",
            "firehose_success_feedback_role_arn": "",
            "firehose_success_feedback_sample_rate": 0,
            "http_failure_feedback_role_arn": "",
            "http_success_feedback_role_arn": "",
            "http_success_feedback_sample_rate": 0,
            "id": "arn:aws:sns:us-east-1:484121837786:example-topic",
            "kms_master_key_id": "",
            "lambda_failure_feedback_role_arn": "",
            "lambda_success_feedback_role_arn": "",
            "lambda_success_feedback_sample_rate": 0,
            "name": "example-topic",
            "name_prefix": "",
            "owner": "484121837786",
            "policy": "{\"Id\":\"__default_policy_ID\",\"Statement\":[{\"Action\":[\"SNS:GetTopicAttributes\",\"SNS:SetTopicAttributes\",\"SNS:AddPermission\",\"SNS:RemovePermission\",\"SNS:DeleteTopic\",\"SNS:Subscribe\",\"SNS:ListSubscriptionsByTopic\",\"SNS:Publish\"],\"Condition\":{\"StringEquals\":{\"AWS:SourceOwner\":\"484121837786\"}},\"Effect\":\"Allow\",\"Principal\":{\"AWS\":\"*\"},\"Resource\":\"arn:aws:sns:us-east-1:484121837786:example-topic\",\"Sid\":\"__default_statement_ID\"}],\"Version\":\"2008-10-17\"}",
            "signature_version": 0,
            "sqs_failure_feedback_role_arn": "",
            "sqs_success_feedback_role_arn": "",
            "sqs_success_feedback_sample_rate": 0,
            "tags": {},
            "tags_all": {},
            "tracing_config": ""
          },
          "sensitive_attributes": [],
          "private": "bnVsbA=="
        }
      ]
    },
    {
      "module": "module.sns_sqs",
      "mode": "managed",
      "type": "aws_sns_topic_subscription",
      "name": "sns_to_sqs",
      "provider": "provider[\"registry.terraform.io/hashicorp/aws\"]",
      "instances": [
        {
          "schema_version": 0,
          "attributes": {
            "arn": "arn:aws:sns:us-east-1:484121837786:example-topic:4fa5b402-6923-4160-bce5-5037615e49f4",
            "confirmation_timeout_in_minutes": 1,
            "confirmation_was_authenticated": true,
            "delivery_policy": "",
            "endpoint": "arn:aws:sqs:us-east-1:484121837786:example-queue",
            "endpoint_auto_confirms": false,
            "filter_policy": "",
            "filter_policy_scope": "",
            "id": "arn:aws:sns:us-east-1:484121837786:example-topic:4fa5b402-6923-4160-bce5-5037615e49f4",
            "owner_id": "484121837786",
            "pending_confirmation": false,
            "protocol": "sqs",
            "raw_message_delivery": false,
            "redrive_policy": "",
            "replay_policy": "",
            "subscription_role_arn": "",
            "topic_arn": "arn:aws:sns:us-east-1:484121837786:example-topic"
          },
          "sensitive_attributes": [],
          "private": "bnVsbA==",
          "dependencies": [
            "module.sns_sqs.aws_sns_topic.notifications",
            "module.sns_sqs.aws_sqs_queue.queue"
          ]
        }
      ]
    },
    {
      "module": "module.sns_sqs",
      "mode": "managed",
      "type": "aws_sqs_queue",
      "name": "queue",
      "provider": "provider[\"registry.terraform.io/hashicorp/aws\"]",
      "instances": [
        {
          "schema_version": 0,
          "attributes": {
            "arn": "arn:aws:sqs:us-east-1:484121837786:example-queue",
            "content_based_deduplication": false,
            "deduplication_scope": "",
            "delay_seconds": 0,
            "fifo_queue": false,
            "fifo_throughput_limit": "",
            "id": "https://sqs.us-east-1.amazonaws.com/484121837786/example-queue",
            "kms_data_key_reuse_period_seconds": 300,
            "kms_master_key_id": "",
            "max_message_size": 262144,
            "message_retention_seconds": 345600,
            "name": "example-queue",
            "name_prefix": "",
            "policy": "",
            "receive_wait_time_seconds": 0,
            "redrive_allow_policy": "",
            "redrive_policy": "",
            "sqs_managed_sse_enabled": true,
            "tags": {},
            "tags_all": {},
            "url": "https://sqs.us-east-1.amazonaws.com/484121837786/example-queue",
            "visibility_timeout_seconds": 30
          },
          "sensitive_attributes": [],
          "private": "bnVsbA=="
        }
      ]
    }
  ],
  "check_results": null
}
